
Microsoft Visual Studio Solution File, Format Version 12.00
# Visual Studio 15
VisualStudioVersion = 15.0.26730.15
MinimumVisualStudioVersion = 10.0.40219.1
Project("{9A19103F-16F7-4668-BE54-9A1E7A4F7556}") = "MarkdigEngine.Tests", "MarkdigEngine.Tests\MarkdigEngine.Tests.csproj", "{940939C3-2B41-4B9A-B380-CCCCBD3B5B7D}"
EndProject
Project("{9A19103F-16F7-4668-BE54-9A1E7A4F7556}") = "MarkdigEngine", "MarkdigEngine\MarkdigEngine.csproj", "{A1C1B5E5-0E38-408D-9D0B-265EC7442ECC}"
EndProject
Project("{9A19103F-16F7-4668-BE54-9A1E7A4F7556}") = "MarkdigEngine.Extensions", "MarkdigEngine.Extensions\MarkdigEngine.Extensions.csproj", "{EAD08DD7-016C-43AE-AC64-50B60F9681CB}"
EndProject
Global
	GlobalSection(SolutionConfigurationPlatforms) = preSolution
		Debug|Any CPU = Debug|Any CPU
		Release|Any CPU = Release|Any CPU
	EndGlobalSection
	GlobalSection(ProjectConfigurationPlatforms) = postSolution
		{940939C3-2B41-4B9A-B380-CCCCBD3B5B7D}.Debug|Any CPU.ActiveCfg = Debug|Any CPU
		{940939C3-2B41-4B9A-B380-CCCCBD3B5B7D}.Debug|Any CPU.Build.0 = Debug|Any CPU
		{940939C3-2B41-4B9A-B380-CCCCBD3B5B7D}.Release|Any CPU.ActiveCfg = Release|Any CPU
		{940939C3-2B41-4B9A-B380-CCCCBD3B5B7D}.Release|Any CPU.Build.0 = Release|Any CPU
		{A1C1B5E5-0E38-408D-9D0B-265EC7442ECC}.Debug|Any CPU.ActiveCfg = Debug|Any CPU
		{A1C1B5E5-0E38-408D-9D0B-265EC7442ECC}.Debug|Any CPU.Build.0 = Debug|Any CPU
		{A1C1B5E5-0E38-408D-9D0B-265EC7442ECC}.Release|Any CPU.ActiveCfg = Release|Any CPU
		{A1C1B5E5-0E38-408D-9D0B-265EC7442ECC}.Release|Any CPU.Build.0 = Release|Any CPU
		{EAD08DD7-016C-43AE-AC64-50B60F9681CB}.Debug|Any CPU.ActiveCfg = Debug|Any CPU
		{EAD08DD7-016C-43AE-AC64-50B60F9681CB}.Debug|Any CPU.Build.0 = Debug|Any CPU
		{EAD08DD7-016C-43AE-AC64-50B60F9681CB}.Release|Any CPU.ActiveCfg = Release|Any CPU
		{EAD08DD7-016C-43AE-AC64-50B60F9681CB}.Release|Any CPU.Build.0 = Release|Any CPU
	EndGlobalSection
	GlobalSection(SolutionProperties) = preSolution
		HideSolutionNode = FALSE
	EndGlobalSection
	GlobalSection(ExtensibilityGlobals) = postSolution
		SolutionGuid = {4BECE61B-ACA0-4782-9FF5-B3F7C200B17B}
	EndGlobalSection
EndGlobal
